
Microsoft Visual Studio Solution File, Format Version 12.00
# Visual Studio Version 16
VisualStudioVersion = 16.0.32428.217
MinimumVisualStudioVersion = 10.0.40219.1
Project("{FAE04EC0-301F-11D3-BF4B-00C04F79EFBC}") = "İnternetProgramalama3P", "İnternetProgramalama3P.csproj", "{B2154DC7-8FE0-45C1-B9B6-0B1016AEDB96}"
EndProject
Global
	GlobalSection(SolutionConfigurationPlatforms) = preSolution
		Debug|Any CPU = Debug|Any CPU
		Release|Any CPU = Release|Any CPU
	EndGlobalSection
	GlobalSection(ProjectConfigurationPlatforms) = postSolution
		{B2154DC7-8FE0-45C1-B9B6-0B1016AEDB96}.Debug|Any CPU.ActiveCfg = Debug|Any CPU
		{B2154DC7-8FE0-45C1-B9B6-0B1016AEDB96}.Debug|Any CPU.Build.0 = Debug|Any CPU
		{B2154DC7-8FE0-45C1-B9B6-0B1016AEDB96}.Release|Any CPU.ActiveCfg = Release|Any CPU
		{B2154DC7-8FE0-45C1-B9B6-0B1016AEDB96}.Release|Any CPU.Build.0 = Release|Any CPU
	EndGlobalSection
	GlobalSection(SolutionProperties) = preSolution
		HideSolutionNode = FALSE
	EndGlobalSection
	GlobalSection(ExtensibilityGlobals) = postSolution
		SolutionGuid = {E838C0C8-9962-4E4E-A9B9-9F446B9FB1CD}
	EndGlobalSection
EndGlobal
